
Microsoft Visual Studio Solution File, Format Version 12.00
# Visual Studio Version 17
VisualStudioVersion = 17.0.31903.59
MinimumVisualStudioVersion = 10.0.40219.1
Project("{2150E333-8FDC-42A3-9474-1A3956D46DE8}") = "src", "src", "{827E0CD3-B72D-47B6-A68D-7590B98EB39B}"
EndProject
Project("{2150E333-8FDC-42A3-9474-1A3956D46DE8}") = "BuildingBlocks", "BuildingBlocks", "{90298CBA-BD6F-3A0A-69D5-97CAD7B05E7E}"
EndProject
Project("{FAE04EC0-301F-11D3-BF4B-00C04F79EFBC}") = "Icarus.BuildingBlocks.Domain", "src\BuildingBlocks\Icarus.BuildingBlocks.Domain\Icarus.BuildingBlocks.Domain.csproj", "{52631DB3-4262-4FCF-8A73-5124A7536278}"
EndProject
Project("{FAE04EC0-301F-11D3-BF4B-00C04F79EFBC}") = "Icarus.BuildingBlocks.Application", "src\BuildingBlocks\Icarus.BuildingBlocks.Application\Icarus.BuildingBlocks.Application.csproj", "{E386E393-04D3-4DE8-990D-D4EAE5E42F8A}"
EndProject
Project("{FAE04EC0-301F-11D3-BF4B-00C04F79EFBC}") = "Icarus.BuildingBlocks.Observability", "src\BuildingBlocks\Icarus.BuildingBlocks.Observability\Icarus.BuildingBlocks.Observability.csproj", "{835EFCAC-D0ED-4419-81CF-1A88BFE5975C}"
EndProject
Project("{2150E333-8FDC-42A3-9474-1A3956D46DE8}") = "Identity", "Identity", "{65ABFB5D-2B10-DF64-BF12-C17976F8E5D9}"
EndProject
Project("{FAE04EC0-301F-11D3-BF4B-00C04F79EFBC}") = "Icarus.Identity.Domain", "src\Identity\Icarus.Identity.Domain\Icarus.Identity.Domain.csproj", "{F3D48BDB-14F9-4E98-B3C2-F91ADE5F63B3}"
EndProject
Project("{FAE04EC0-301F-11D3-BF4B-00C04F79EFBC}") = "Icarus.Identity.Application", "src\Identity\Icarus.Identity.Application\Icarus.Identity.Application.csproj", "{F4696628-F9CC-4AE8-9DAF-E0ECF2A5CB63}"
EndProject
Project("{FAE04EC0-301F-11D3-BF4B-00C04F79EFBC}") = "Icarus.Identity.Infrastructure", "src\Identity\Icarus.Identity.Infrastructure\Icarus.Identity.Infrastructure.csproj", "{F2807D04-6FDF-4B4E-B228-1F602D76A982}"
EndProject
Project("{2150E333-8FDC-42A3-9474-1A3956D46DE8}") = "Clientes", "Clientes", "{4AE349BE-1944-7A34-8E66-9BC9EF691A28}"
EndProject
Project("{FAE04EC0-301F-11D3-BF4B-00C04F79EFBC}") = "Icarus.Clientes.Domain", "src\Clientes\Icarus.Clientes.Domain\Icarus.Clientes.Domain.csproj", "{98B4174A-DDEC-4C67-9D9A-9DD8C787DF7F}"
EndProject
Project("{FAE04EC0-301F-11D3-BF4B-00C04F79EFBC}") = "Icarus.Clientes.Application", "src\Clientes\Icarus.Clientes.Application\Icarus.Clientes.Application.csproj", "{D2272D47-4811-40F2-8BE2-47DAF1D655B4}"
EndProject
Project("{FAE04EC0-301F-11D3-BF4B-00C04F79EFBC}") = "Icarus.Clientes.Infrastructure", "src\Clientes\Icarus.Clientes.Infrastructure\Icarus.Clientes.Infrastructure.csproj", "{F7848994-2597-4967-9DA6-791121ADDA03}"
EndProject
Project("{2150E333-8FDC-42A3-9474-1A3956D46DE8}") = "Host", "Host", "{981C2CF6-E5BB-602A-511C-234B538302B0}"
EndProject
Project("{FAE04EC0-301F-11D3-BF4B-00C04F79EFBC}") = "Icarus.Host", "src\Host\Icarus.Host\Icarus.Host.csproj", "{7D0CE466-2BAB-47EB-9BB1-C9A85E99B646}"
EndProject
Project("{2150E333-8FDC-42A3-9474-1A3956D46DE8}") = "tests", "tests", "{0AB3BF05-4346-4AA6-1389-037BE0695223}"
EndProject
Project("{FAE04EC0-301F-11D3-BF4B-00C04F79EFBC}") = "Icarus.UnitTests", "tests\Icarus.UnitTests\Icarus.UnitTests.csproj", "{E328F9D0-EB47-49F7-BD54-E07AF94AA4CC}"
EndProject
Project("{FAE04EC0-301F-11D3-BF4B-00C04F79EFBC}") = "Icarus.IntegrationTests", "tests\Icarus.IntegrationTests\Icarus.IntegrationTests.csproj", "{94F2FA0A-CFAC-4D2F-98F1-B1BD3EFB0793}"
EndProject
Project("{FAE04EC0-301F-11D3-BF4B-00C04F79EFBC}") = "Icarus.ArchitectureTests", "tests\Icarus.ArchitectureTests\Icarus.ArchitectureTests.csproj", "{2D844628-3384-437D-AFAD-A9E0AD18A009}"
EndProject
Global
	GlobalSection(SolutionConfigurationPlatforms) = preSolution
		Debug|Any CPU = Debug|Any CPU
		Debug|x64 = Debug|x64
		Debug|x86 = Debug|x86
		Release|Any CPU = Release|Any CPU
		Release|x64 = Release|x64
		Release|x86 = Release|x86
	EndGlobalSection
	GlobalSection(ProjectConfigurationPlatforms) = postSolution
		{52631DB3-4262-4FCF-8A73-5124A7536278}.Debug|Any CPU.ActiveCfg = Debug|Any CPU
		{52631DB3-4262-4FCF-8A73-5124A7536278}.Debug|Any CPU.Build.0 = Debug|Any CPU
		{52631DB3-4262-4FCF-8A73-5124A7536278}.Debug|x64.ActiveCfg = Debug|Any CPU
		{52631DB3-4262-4FCF-8A73-5124A7536278}.Debug|x64.Build.0 = Debug|Any CPU
		{52631DB3-4262-4FCF-8A73-5124A7536278}.Debug|x86.ActiveCfg = Debug|Any CPU
		{52631DB3-4262-4FCF-8A73-5124A7536278}.Debug|x86.Build.0 = Debug|Any CPU
		{52631DB3-4262-4FCF-8A73-5124A7536278}.Release|Any CPU.ActiveCfg = Release|Any CPU
		{52631DB3-4262-4FCF-8A73-5124A7536278}.Release|Any CPU.Build.0 = Release|Any CPU
		{52631DB3-4262-4FCF-8A73-5124A7536278}.Release|x64.ActiveCfg = Release|Any CPU
		{52631DB3-4262-4FCF-8A73-5124A7536278}.Release|x64.Build.0 = Release|Any CPU
		{52631DB3-4262-4FCF-8A73-5124A7536278}.Release|x86.ActiveCfg = Release|Any CPU
		{52631DB3-4262-4FCF-8A73-5124A7536278}.Release|x86.Build.0 = Release|Any CPU
		{E386E393-04D3-4DE8-990D-D4EAE5E42F8A}.Debug|Any CPU.ActiveCfg = Debug|Any CPU
		{E386E393-04D3-4DE8-990D-D4EAE5E42F8A}.Debug|Any CPU.Build.0 = Debug|Any CPU
		{E386E393-04D3-4DE8-990D-D4EAE5E42F8A}.Debug|x64.ActiveCfg = Debug|Any CPU
		{E386E393-04D3-4DE8-990D-D4EAE5E42F8A}.Debug|x64.Build.0 = Debug|Any CPU
		{E386E393-04D3-4DE8-990D-D4EAE5E42F8A}.Debug|x86.ActiveCfg = Debug|Any CPU
		{E386E393-04D3-4DE8-990D-D4EAE5E42F8A}.Debug|x86.Build.0 = Debug|Any CPU
		{E386E393-04D3-4DE8-990D-D4EAE5E42F8A}.Release|Any CPU.ActiveCfg = Release|Any CPU
		{E386E393-04D3-4DE8-990D-D4EAE5E42F8A}.Release|Any CPU.Build.0 = Release|Any CPU
		{E386E393-04D3-4DE8-990D-D4EAE5E42F8A}.Release|x64.ActiveCfg = Release|Any CPU
		{E386E393-04D3-4DE8-990D-D4EAE5E42F8A}.Release|x64.Build.0 = Release|Any CPU
		{E386E393-04D3-4DE8-990D-D4EAE5E42F8A}.Release|x86.ActiveCfg = Release|Any CPU
		{E386E393-04D3-4DE8-990D-D4EAE5E42F8A}.Release|x86.Build.0 = Release|Any CPU
		{835EFCAC-D0ED-4419-81CF-1A88BFE5975C}.Debug|Any CPU.ActiveCfg = Debug|Any CPU
		{835EFCAC-D0ED-4419-81CF-1A88BFE5975C}.Debug|Any CPU.Build.0 = Debug|Any CPU
		{835EFCAC-D0ED-4419-81CF-1A88BFE5975C}.Debug|x64.ActiveCfg = Debug|Any CPU
		{835EFCAC-D0ED-4419-81CF-1A88BFE5975C}.Debug|x64.Build.0 = Debug|Any CPU
		{835EFCAC-D0ED-4419-81CF-1A88BFE5975C}.Debug|x86.ActiveCfg = Debug|Any CPU
		{835EFCAC-D0ED-4419-81CF-1A88BFE5975C}.Debug|x86.Build.0 = Debug|Any CPU
		{835EFCAC-D0ED-4419-81CF-1A88BFE5975C}.Release|Any CPU.ActiveCfg = Release|Any CPU
		{835EFCAC-D0ED-4419-81CF-1A88BFE5975C}.Release|Any CPU.Build.0 = Release|Any CPU
		{835EFCAC-D0ED-4419-81CF-1A88BFE5975C}.Release|x64.ActiveCfg = Release|Any CPU
		{835EFCAC-D0ED-4419-81CF-1A88BFE5975C}.Release|x64.Build.0 = Release|Any CPU
		{835EFCAC-D0ED-4419-81CF-1A88BFE5975C}.Release|x86.ActiveCfg = Release|Any CPU
		{835EFCAC-D0ED-4419-81CF-1A88BFE5975C}.Release|x86.Build.0 = Release|Any CPU
		{F3D48BDB-14F9-4E98-B3C2-F91ADE5F63B3}.Debug|Any CPU.ActiveCfg = Debug|Any CPU
		{F3D48BDB-14F9-4E98-B3C2-F91ADE5F63B3}.Debug|Any CPU.Build.0 = Debug|Any CPU
		{F3D48BDB-14F9-4E98-B3C2-F91ADE5F63B3}.Debug|x64.ActiveCfg = Debug|Any CPU
		{F3D48BDB-14F9-4E98-B3C2-F91ADE5F63B3}.Debug|x64.Build.0 = Debug|Any CPU
		{F3D48BDB-14F9-4E98-B3C2-F91ADE5F63B3}.Debug|x86.ActiveCfg = Debug|Any CPU
		{F3D48BDB-14F9-4E98-B3C2-F91ADE5F63B3}.Debug|x86.Build.0 = Debug|Any CPU
		{F3D48BDB-14F9-4E98-B3C2-F91ADE5F63B3}.Release|Any CPU.ActiveCfg = Release|Any CPU
		{F3D48BDB-14F9-4E98-B3C2-F91ADE5F63B3}.Release|Any CPU.Build.0 = Release|Any CPU
		{F3D48BDB-14F9-4E98-B3C2-F91ADE5F63B3}.Release|x64.ActiveCfg = Release|Any CPU
		{F3D48BDB-14F9-4E98-B3C2-F91ADE5F63B3}.Release|x64.Build.0 = Release|Any CPU
		{F3D48BDB-14F9-4E98-B3C2-F91ADE5F63B3}.Release|x86.ActiveCfg = Release|Any CPU
		{F3D48BDB-14F9-4E98-B3C2-F91ADE5F63B3}.Release|x86.Build.0 = Release|Any CPU
		{F4696628-F9CC-4AE8-9DAF-E0ECF2A5CB63}.Debug|Any CPU.ActiveCfg = Debug|Any CPU
		{F4696628-F9CC-4AE8-9DAF-E0ECF2A5CB63}.Debug|Any CPU.Build.0 = Debug|Any CPU
		{F4696628-F9CC-4AE8-9DAF-E0ECF2A5CB63}.Debug|x64.ActiveCfg = Debug|Any CPU
		{F4696628-F9CC-4AE8-9DAF-E0ECF2A5CB63}.Debug|x64.Build.0 = Debug|Any CPU
		{F4696628-F9CC-4AE8-9DAF-E0ECF2A5CB63}.Debug|x86.ActiveCfg = Debug|Any CPU
		{F4696628-F9CC-4AE8-9DAF-E0ECF2A5CB63}.Debug|x86.Build.0 = Debug|Any CPU
		{F4696628-F9CC-4AE8-9DAF-E0ECF2A5CB63}.Release|Any CPU.ActiveCfg = Release|Any CPU
		{F4696628-F9CC-4AE8-9DAF-E0ECF2A5CB63}.Release|Any CPU.Build.0 = Release|Any CPU
		{F4696628-F9CC-4AE8-9DAF-E0ECF2A5CB63}.Release|x64.ActiveCfg = Release|Any CPU
		{F4696628-F9CC-4AE8-9DAF-E0ECF2A5CB63}.Release|x64.Build.0 = Release|Any CPU
		{F4696628-F9CC-4AE8-9DAF-E0ECF2A5CB63}.Release|x86.ActiveCfg = Release|Any CPU
		{F4696628-F9CC-4AE8-9DAF-E0ECF2A5CB63}.Release|x86.Build.0 = Release|Any CPU
		{F2807D04-6FDF-4B4E-B228-1F602D76A982}.Debug|Any CPU.ActiveCfg = Debug|Any CPU
		{F2807D04-6FDF-4B4E-B228-1F602D76A982}.Debug|Any CPU.Build.0 = Debug|Any CPU
		{F2807D04-6FDF-4B4E-B228-1F602D76A982}.Debug|x64.ActiveCfg = Debug|Any CPU
		{F2807D04-6FDF-4B4E-B228-1F602D76A982}.Debug|x64.Build.0 = Debug|Any CPU
		{F2807D04-6FDF-4B4E-B228-1F602D76A982}.Debug|x86.ActiveCfg = Debug|Any CPU
		{F2807D04-6FDF-4B4E-B228-1F602D76A982}.Debug|x86.Build.0 = Debug|Any CPU
		{F2807D04-6FDF-4B4E-B228-1F602D76A982}.Release|Any CPU.ActiveCfg = Release|Any CPU
		{F2807D04-6FDF-4B4E-B228-1F602D76A982}.Release|Any CPU.Build.0 = Release|Any CPU
		{F2807D04-6FDF-4B4E-B228-1F602D76A982}.Release|x64.ActiveCfg = Release|Any CPU
		{F2807D04-6FDF-4B4E-B228-1F602D76A982}.Release|x64.Build.0 = Release|Any CPU
		{F2807D04-6FDF-4B4E-B228-1F602D76A982}.Release|x86.ActiveCfg = Release|Any CPU
		{F2807D04-6FDF-4B4E-B228-1F602D76A982}.Release|x86.Build.0 = Release|Any CPU
		{98B4174A-DDEC-4C67-9D9A-9DD8C787DF7F}.Debug|Any CPU.ActiveCfg = Debug|Any CPU
		{98B4174A-DDEC-4C67-9D9A-9DD8C787DF7F}.Debug|Any CPU.Build.0 = Debug|Any CPU
		{98B4174A-DDEC-4C67-9D9A-9DD8C787DF7F}.Debug|x64.ActiveCfg = Debug|Any CPU
		{98B4174A-DDEC-4C67-9D9A-9DD8C787DF7F}.Debug|x64.Build.0 = Debug|Any CPU
		{98B4174A-DDEC-4C67-9D9A-9DD8C787DF7F}.Debug|x86.ActiveCfg = Debug|Any CPU
		{98B4174A-DDEC-4C67-9D9A-9DD8C787DF7F}.Debug|x86.Build.0 = Debug|Any CPU
		{98B4174A-DDEC-4C67-9D9A-9DD8C787DF7F}.Release|Any CPU.ActiveCfg = Release|Any CPU
		{98B4174A-DDEC-4C67-9D9A-9DD8C787DF7F}.Release|Any CPU.Build.0 = Release|Any CPU
		{98B4174A-DDEC-4C67-9D9A-9DD8C787DF7F}.Release|x64.ActiveCfg = Release|Any CPU
		{98B4174A-DDEC-4C67-9D9A-9DD8C787DF7F}.Release|x64.Build.0 = Release|Any CPU
		{98B4174A-DDEC-4C67-9D9A-9DD8C787DF7F}.Release|x86.ActiveCfg = Release|Any CPU
		{98B4174A-DDEC-4C67-9D9A-9DD8C787DF7F}.Release|x86.Build.0 = Release|Any CPU
		{D2272D47-4811-40F2-8BE2-47DAF1D655B4}.Debug|Any CPU.ActiveCfg = Debug|Any CPU
		{D2272D47-4811-40F2-8BE2-47DAF1D655B4}.Debug|Any CPU.Build.0 = Debug|Any CPU
		{D2272D47-4811-40F2-8BE2-47DAF1D655B4}.Debug|x64.ActiveCfg = Debug|Any CPU
		{D2272D47-4811-40F2-8BE2-47DAF1D655B4}.Debug|x64.Build.0 = Debug|Any CPU
		{D2272D47-4811-40F2-8BE2-47DAF1D655B4}.Debug|x86.ActiveCfg = Debug|Any CPU
		{D2272D47-4811-40F2-8BE2-47DAF1D655B4}.Debug|x86.Build.0 = Debug|Any CPU
		{D2272D47-4811-40F2-8BE2-47DAF1D655B4}.Release|Any CPU.ActiveCfg = Release|Any CPU
		{D2272D47-4811-40F2-8BE2-47DAF1D655B4}.Release|Any CPU.Build.0 = Release|Any CPU
		{D2272D47-4811-40F2-8BE2-47DAF1D655B4}.Release|x64.ActiveCfg = Release|Any CPU
		{D2272D47-4811-40F2-8BE2-47DAF1D655B4}.Release|x64.Build.0 = Release|Any CPU
		{D2272D47-4811-40F2-8BE2-47DAF1D655B4}.Release|x86.ActiveCfg = Release|Any CPU
		{D2272D47-4811-40F2-8BE2-47DAF1D655B4}.Release|x86.Build.0 = Release|Any CPU
		{F7848994-2597-4967-9DA6-791121ADDA03}.Debug|Any CPU.ActiveCfg = Debug|Any CPU
		{F7848994-2597-4967-9DA6-791121ADDA03}.Debug|Any CPU.Build.0 = Debug|Any CPU
		{F7848994-2597-4967-9DA6-791121ADDA03}.Debug|x64.ActiveCfg = Debug|Any CPU
		{F7848994-2597-4967-9DA6-791121ADDA03}.Debug|x64.Build.0 = Debug|Any CPU
		{F7848994-2597-4967-9DA6-791121ADDA03}.Debug|x86.ActiveCfg = Debug|Any CPU
		{F7848994-2597-4967-9DA6-791121ADDA03}.Debug|x86.Build.0 = Debug|Any CPU
		{F7848994-2597-4967-9DA6-791121ADDA03}.Release|Any CPU.ActiveCfg = Release|Any CPU
		{F7848994-2597-4967-9DA6-791121ADDA03}.Release|Any CPU.Build.0 = Release|Any CPU
		{F7848994-2597-4967-9DA6-791121ADDA03}.Release|x64.ActiveCfg = Release|Any CPU
		{F7848994-2597-4967-9DA6-791121ADDA03}.Release|x64.Build.0 = Release|Any CPU
		{F7848994-2597-4967-9DA6-791121ADDA03}.Release|x86.ActiveCfg = Release|Any CPU
		{F7848994-2597-4967-9DA6-791121ADDA03}.Release|x86.Build.0 = Release|Any CPU
		{7D0CE466-2BAB-47EB-9BB1-C9A85E99B646}.Debug|Any CPU.ActiveCfg = Debug|Any CPU
		{7D0CE466-2BAB-47EB-9BB1-C9A85E99B646}.Debug|Any CPU.Build.0 = Debug|Any CPU
		{7D0CE466-2BAB-47EB-9BB1-C9A85E99B646}.Debug|x64.ActiveCfg = Debug|Any CPU
		{7D0CE466-2BAB-47EB-9BB1-C9A85E99B646}.Debug|x64.Build.0 = Debug|Any CPU
		{7D0CE466-2BAB-47EB-9BB1-C9A85E99B646}.Debug|x86.ActiveCfg = Debug|Any CPU
		{7D0CE466-2BAB-47EB-9BB1-C9A85E99B646}.Debug|x86.Build.0 = Debug|Any CPU
		{7D0CE466-2BAB-47EB-9BB1-C9A85E99B646}.Release|Any CPU.ActiveCfg = Release|Any CPU
		{7D0CE466-2BAB-47EB-9BB1-C9A85E99B646}.Release|Any CPU.Build.0 = Release|Any CPU
		{7D0CE466-2BAB-47EB-9BB1-C9A85E99B646}.Release|x64.ActiveCfg = Release|Any CPU
		{7D0CE466-2BAB-47EB-9BB1-C9A85E99B646}.Release|x64.Build.0 = Release|Any CPU
		{7D0CE466-2BAB-47EB-9BB1-C9A85E99B646}.Release|x86.ActiveCfg = Release|Any CPU
		{7D0CE466-2BAB-47EB-9BB1-C9A85E99B646}.Release|x86.Build.0 = Release|Any CPU
		{E328F9D0-EB47-49F7-BD54-E07AF94AA4CC}.Debug|Any CPU.ActiveCfg = Debug|Any CPU
		{E328F9D0-EB47-49F7-BD54-E07AF94AA4CC}.Debug|Any CPU.Build.0 = Debug|Any CPU
		{E328F9D0-EB47-49F7-BD54-E07AF94AA4CC}.Debug|x64.ActiveCfg = Debug|Any CPU
		{E328F9D0-EB47-49F7-BD54-E07AF94AA4CC}.Debug|x64.Build.0 = Debug|Any CPU
		{E328F9D0-EB47-49F7-BD54-E07AF94AA4CC}.Debug|x86.ActiveCfg = Debug|Any CPU
		{E328F9D0-EB47-49F7-BD54-E07AF94AA4CC}.Debug|x86.Build.0 = Debug|Any CPU
		{E328F9D0-EB47-49F7-BD54-E07AF94AA4CC}.Release|Any CPU.ActiveCfg = Release|Any CPU
		{E328F9D0-EB47-49F7-BD54-E07AF94AA4CC}.Release|Any CPU.Build.0 = Release|Any CPU
		{E328F9D0-EB47-49F7-BD54-E07AF94AA4CC}.Release|x64.ActiveCfg = Release|Any CPU
		{E328F9D0-EB47-49F7-BD54-E07AF94AA4CC}.Release|x64.Build.0 = Release|Any CPU
		{E328F9D0-EB47-49F7-BD54-E07AF94AA4CC}.Release|x86.ActiveCfg = Release|Any CPU
		{E328F9D0-EB47-49F7-BD54-E07AF94AA4CC}.Release|x86.Build.0 = Release|Any CPU
		{94F2FA0A-CFAC-4D2F-98F1-B1BD3EFB0793}.Debug|Any CPU.ActiveCfg = Debug|Any CPU
		{94F2FA0A-CFAC-4D2F-98F1-B1BD3EFB0793}.Debug|Any CPU.Build.0 = Debug|Any CPU
		{94F2FA0A-CFAC-4D2F-98F1-B1BD3EFB0793}.Debug|x64.ActiveCfg = Debug|Any CPU
		{94F2FA0A-CFAC-4D2F-98F1-B1BD3EFB0793}.Debug|x64.Build.0 = Debug|Any CPU
		{94F2FA0A-CFAC-4D2F-98F1-B1BD3EFB0793}.Debug|x86.ActiveCfg = Debug|Any CPU
		{94F2FA0A-CFAC-4D2F-98F1-B1BD3EFB0793}.Debug|x86.Build.0 = Debug|Any CPU
		{94F2FA0A-CFAC-4D2F-98F1-B1BD3EFB0793}.Release|Any CPU.ActiveCfg = Release|Any CPU
		{94F2FA0A-CFAC-4D2F-98F1-B1BD3EFB0793}.Release|Any CPU.Build.0 = Release|Any CPU
		{94F2FA0A-CFAC-4D2F-98F1-B1BD3EFB0793}.Release|x64.ActiveCfg = Release|Any CPU
		{94F2FA0A-CFAC-4D2F-98F1-B1BD3EFB0793}.Release|x64.Build.0 = Release|Any CPU
		{94F2FA0A-CFAC-4D2F-98F1-B1BD3EFB0793}.Release|x86.ActiveCfg = Release|Any CPU
		{94F2FA0A-CFAC-4D2F-98F1-B1BD3EFB0793}.Release|x86.Build.0 = Release|Any CPU
		{2D844628-3384-437D-AFAD-A9E0AD18A009}.Debug|Any CPU.ActiveCfg = Debug|Any CPU
		{2D844628-3384-437D-AFAD-A9E0AD18A009}.Debug|Any CPU.Build.0 = Debug|Any CPU
		{2D844628-3384-437D-AFAD-A9E0AD18A009}.Debug|x64.ActiveCfg = Debug|Any CPU
		{2D844628-3384-437D-AFAD-A9E0AD18A009}.Debug|x64.Build.0 = Debug|Any CPU
		{2D844628-3384-437D-AFAD-A9E0AD18A009}.Debug|x86.ActiveCfg = Debug|Any CPU
		{2D844628-3384-437D-AFAD-A9E0AD18A009}.Debug|x86.Build.0 = Debug|Any CPU
		{2D844628-3384-437D-AFAD-A9E0AD18A009}.Release|Any CPU.ActiveCfg = Release|Any CPU
		{2D844628-3384-437D-AFAD-A9E0AD18A009}.Release|Any CPU.Build.0 = Release|Any CPU
		{2D844628-3384-437D-AFAD-A9E0AD18A009}.Release|x64.ActiveCfg = Release|Any CPU
		{2D844628-3384-437D-AFAD-A9E0AD18A009}.Release|x64.Build.0 = Release|Any CPU
		{2D844628-3384-437D-AFAD-A9E0AD18A009}.Release|x86.ActiveCfg = Release|Any CPU
		{2D844628-3384-437D-AFAD-A9E0AD18A009}.Release|x86.Build.0 = Release|Any CPU
	EndGlobalSection
	GlobalSection(SolutionProperties) = preSolution
		HideSolutionNode = FALSE
	EndGlobalSection
	GlobalSection(NestedProjects) = preSolution
		{90298CBA-BD6F-3A0A-69D5-97CAD7B05E7E} = {827E0CD3-B72D-47B6-A68D-7590B98EB39B}
		{52631DB3-4262-4FCF-8A73-5124A7536278} = {90298CBA-BD6F-3A0A-69D5-97CAD7B05E7E}
		{E386E393-04D3-4DE8-990D-D4EAE5E42F8A} = {90298CBA-BD6F-3A0A-69D5-97CAD7B05E7E}
		{835EFCAC-D0ED-4419-81CF-1A88BFE5975C} = {90298CBA-BD6F-3A0A-69D5-97CAD7B05E7E}
		{65ABFB5D-2B10-DF64-BF12-C17976F8E5D9} = {827E0CD3-B72D-47B6-A68D-7590B98EB39B}
		{F3D48BDB-14F9-4E98-B3C2-F91ADE5F63B3} = {65ABFB5D-2B10-DF64-BF12-C17976F8E5D9}
		{F4696628-F9CC-4AE8-9DAF-E0ECF2A5CB63} = {65ABFB5D-2B10-DF64-BF12-C17976F8E5D9}
		{F2807D04-6FDF-4B4E-B228-1F602D76A982} = {65ABFB5D-2B10-DF64-BF12-C17976F8E5D9}
		{4AE349BE-1944-7A34-8E66-9BC9EF691A28} = {827E0CD3-B72D-47B6-A68D-7590B98EB39B}
		{98B4174A-DDEC-4C67-9D9A-9DD8C787DF7F} = {4AE349BE-1944-7A34-8E66-9BC9EF691A28}
		{D2272D47-4811-40F2-8BE2-47DAF1D655B4} = {4AE349BE-1944-7A34-8E66-9BC9EF691A28}
		{F7848994-2597-4967-9DA6-791121ADDA03} = {4AE349BE-1944-7A34-8E66-9BC9EF691A28}
		{981C2CF6-E5BB-602A-511C-234B538302B0} = {827E0CD3-B72D-47B6-A68D-7590B98EB39B}
		{7D0CE466-2BAB-47EB-9BB1-C9A85E99B646} = {981C2CF6-E5BB-602A-511C-234B538302B0}
		{E328F9D0-EB47-49F7-BD54-E07AF94AA4CC} = {0AB3BF05-4346-4AA6-1389-037BE0695223}
		{94F2FA0A-CFAC-4D2F-98F1-B1BD3EFB0793} = {0AB3BF05-4346-4AA6-1389-037BE0695223}
		{2D844628-3384-437D-AFAD-A9E0AD18A009} = {0AB3BF05-4346-4AA6-1389-037BE0695223}
	EndGlobalSection
EndGlobal
